// !$*UTF8*$!
{
	archiveVersion = 1;
	classes = {
	};
	objectVersion = 50;
	objects = {

/* Begin PBXBuildFile section */
		69727B0523329422000CE219 /* NetworkController.swift in Sources */ = {isa = PBXBuildFile; fileRef = 69727B0423329422000CE219 /* NetworkController.swift */; };
		69727B4123329505000CE219 /* YMLCategory.swift in Sources */ = {isa = PBXBuildFile; fileRef = 69727B4023329505000CE219 /* YMLCategory.swift */; };
		69727B432332AC81000CE219 /* YMLOffer.swift in Sources */ = {isa = PBXBuildFile; fileRef = 69727B422332AC81000CE219 /* YMLOffer.swift */; };
		69727B452332AD55000CE219 /* CellController.swift in Sources */ = {isa = PBXBuildFile; fileRef = 69727B442332AD55000CE219 /* CellController.swift */; };
		69727B472332AEE3000CE219 /* TableViewController.swift in Sources */ = {isa = PBXBuildFile; fileRef = 69727B462332AEE3000CE219 /* TableViewController.swift */; };
		69727B4A2332B145000CE219 /* URL+Extension.swift in Sources */ = {isa = PBXBuildFile; fileRef = 69727B492332B145000CE219 /* URL+Extension.swift */; };
		69727B502332C301000CE219 /* Named.swift in Sources */ = {isa = PBXBuildFile; fileRef = 69727B4F2332C301000CE219 /* Named.swift */; };
		69A2269623328E1100439DC2 /* AppDelegate.swift in Sources */ = {isa = PBXBuildFile; fileRef = 69A2269523328E1100439DC2 /* AppDelegate.swift */; };
		69A2269823328E1100439DC2 /* SceneDelegate.swift in Sources */ = {isa = PBXBuildFile; fileRef = 69A2269723328E1100439DC2 /* SceneDelegate.swift */; };
		69A2269D23328E1100439DC2 /* Main.storyboard in Resources */ = {isa = PBXBuildFile; fileRef = 69A2269B23328E1100439DC2 /* Main.storyboard */; };
		69A2269F23328E1200439DC2 /* Assets.xcassets in Resources */ = {isa = PBXBuildFile; fileRef = 69A2269E23328E1200439DC2 /* Assets.xcassets */; };
		69A226A223328E1200439DC2 /* LaunchScreen.storyboard in Resources */ = {isa = PBXBuildFile; fileRef = 69A226A023328E1200439DC2 /* LaunchScreen.storyboard */; };
/* End PBXBuildFile section */

/* Begin PBXFileReference section */
		69727B0423329422000CE219 /* NetworkController.swift */ = {isa = PBXFileReference; lastKnownFileType = sourcecode.swift; path = NetworkController.swift; sourceTree = "<group>"; };
		69727B4023329505000CE219 /* YMLCategory.swift */ = {isa = PBXFileReference; lastKnownFileType = sourcecode.swift; path = YMLCategory.swift; sourceTree = "<group>"; };
		69727B422332AC81000CE219 /* YMLOffer.swift */ = {isa = PBXFileReference; lastKnownFileType = sourcecode.swift; path = YMLOffer.swift; sourceTree = "<group>"; };
		69727B442332AD55000CE219 /* CellController.swift */ = {isa = PBXFileReference; lastKnownFileType = sourcecode.swift; path = CellController.swift; sourceTree = "<group>"; };
		69727B462332AEE3000CE219 /* TableViewController.swift */ = {isa = PBXFileReference; lastKnownFileType = sourcecode.swift; path = TableViewController.swift; sourceTree = "<group>"; };
		69727B492332B145000CE219 /* URL+Extension.swift */ = {isa = PBXFileReference; lastKnownFileType = sourcecode.swift; path = "URL+Extension.swift"; sourceTree = "<group>"; };
		69727B4F2332C301000CE219 /* Named.swift */ = {isa = PBXFileReference; lastKnownFileType = sourcecode.swift; path = Named.swift; sourceTree = "<group>"; };
		69A2269223328E1100439DC2 /* Get Outfit Browser.app */ = {isa = PBXFileReference; explicitFileType = wrapper.application; includeInIndex = 0; path = "Get Outfit Browser.app"; sourceTree = BUILT_PRODUCTS_DIR; };
		69A2269523328E1100439DC2 /* AppDelegate.swift */ = {isa = PBXFileReference; lastKnownFileType = sourcecode.swift; path = AppDelegate.swift; sourceTree = "<group>"; };
		69A2269723328E1100439DC2 /* SceneDelegate.swift */ = {isa = PBXFileReference; lastKnownFileType = sourcecode.swift; path = SceneDelegate.swift; sourceTree = "<group>"; };
		69A2269C23328E1100439DC2 /* Base */ = {isa = PBXFileReference; lastKnownFileType = file.storyboard; name = Base; path = Base.lproj/Main.storyboard; sourceTree = "<group>"; };
		69A2269E23328E1200439DC2 /* Assets.xcassets */ = {isa = PBXFileReference; lastKnownFileType = folder.assetcatalog; path = Assets.xcassets; sourceTree = "<group>"; };
		69A226A123328E1200439DC2 /* Base */ = {isa = PBXFileReference; lastKnownFileType = file.storyboard; name = Base; path = Base.lproj/LaunchScreen.storyboard; sourceTree = "<group>"; };
		69A226A323328E1200439DC2 /* Info.plist */ = {isa = PBXFileReference; lastKnownFileType = text.plist.xml; path = Info.plist; sourceTree = "<group>"; };
/* End PBXFileReference section */

/* Begin PBXFrameworksBuildPhase section */
		69A2268F23328E1100439DC2 /* Frameworks */ = {
			isa = PBXFrameworksBuildPhase;
			buildActionMask = 2147483647;
			files = (
			);
			runOnlyForDeploymentPostprocessing = 0;
		};
/* End PBXFrameworksBuildPhase section */

/* Begin PBXGroup section */
		69727B0023329058000CE219 /* View Controllers */ = {
			isa = PBXGroup;
			children = (
				69727B462332AEE3000CE219 /* TableViewController.swift */,
			);
			path = "View Controllers";
			sourceTree = "<group>";
		};
		69727B0123329065000CE219 /* Storyboards */ = {
			isa = PBXGroup;
			children = (
				69A226A023328E1200439DC2 /* LaunchScreen.storyboard */,
				69A2269B23328E1100439DC2 /* Main.storyboard */,
			);
			path = Storyboards;
			sourceTree = "<group>";
		};
		69727B022332916B000CE219 /* Models */ = {
			isa = PBXGroup;
			children = (
				69727B4023329505000CE219 /* YMLCategory.swift */,
				69727B422332AC81000CE219 /* YMLOffer.swift */,
			);
			path = Models;
			sourceTree = "<group>";
		};
		69727B0323329400000CE219 /* Controllers */ = {
			isa = PBXGroup;
			children = (
				69727B0423329422000CE219 /* NetworkController.swift */,
				69727B442332AD55000CE219 /* CellController.swift */,
			);
			path = Controllers;
			sourceTree = "<group>";
		};
		69727B482332B12E000CE219 /* Extensions */ = {
			isa = PBXGroup;
			children = (
				69727B492332B145000CE219 /* URL+Extension.swift */,
			);
			path = Extensions;
			sourceTree = "<group>";
		};
		69727B4C2332BC2C000CE219 /* Protocols */ = {
			isa = PBXGroup;
			children = (
				69727B4F2332C301000CE219 /* Named.swift */,
			);
			path = Protocols;
			sourceTree = "<group>";
		};
		69A2268923328E1000439DC2 = {
			isa = PBXGroup;
			children = (
				69A2269423328E1100439DC2 /* Get Outfit Browser */,
				69A2269323328E1100439DC2 /* Products */,
			);
			sourceTree = "<group>";
		};
		69A2269323328E1100439DC2 /* Products */ = {
			isa = PBXGroup;
			children = (
				69A2269223328E1100439DC2 /* Get Outfit Browser.app */,
			);
			name = Products;
			sourceTree = "<group>";
		};
		69A2269423328E1100439DC2 /* Get Outfit Browser */ = {
			isa = PBXGroup;
			children = (
				69A226A923328E5A00439DC2 /* App */,
				69727B0323329400000CE219 /* Controllers */,
				69727B482332B12E000CE219 /* Extensions */,
				69727B022332916B000CE219 /* Models */,
				69727B4C2332BC2C000CE219 /* Protocols */,
				69727B0123329065000CE219 /* Storyboards */,
				69727B0023329058000CE219 /* View Controllers */,
			);
			path = "Get Outfit Browser";
			sourceTree = "<group>";
		};
		69A226A923328E5A00439DC2 /* App */ = {
			isa = PBXGroup;
			children = (
				69A2269523328E1100439DC2 /* AppDelegate.swift */,
				69A2269723328E1100439DC2 /* SceneDelegate.swift */,
				69A2269E23328E1200439DC2 /* Assets.xcassets */,
				69A226A323328E1200439DC2 /* Info.plist */,
			);
			path = App;
			sourceTree = "<group>";
		};
/* End PBXGroup section */

/* Begin PBXNativeTarget section */
		69A2269123328E1100439DC2 /* Get Outfit Browser */ = {
			isa = PBXNativeTarget;
			buildConfigurationList = 69A226A623328E1200439DC2 /* Build configuration list for PBXNativeTarget "Get Outfit Browser" */;
			buildPhases = (
				69A2268E23328E1100439DC2 /* Sources */,
				69A2268F23328E1100439DC2 /* Frameworks */,
				69A2269023328E1100439DC2 /* Resources */,
			);
			buildRules = (
			);
			dependencies = (
			);
			name = "Get Outfit Browser";
			productName = "Get Outfit Browser";
			productReference = 69A2269223328E1100439DC2 /* Get Outfit Browser.app */;
			productType = "com.apple.product-type.application";
		};
/* End PBXNativeTarget section */

/* Begin PBXProject section */
		69A2268A23328E1000439DC2 /* Project object */ = {
			isa = PBXProject;
			attributes = {
				LastSwiftUpdateCheck = 1100;
				LastUpgradeCheck = 1100;
				ORGANIZATIONNAME = "Denis Bystruev";
				TargetAttributes = {
					69A2269123328E1100439DC2 = {
						CreatedOnToolsVersion = 11.0;
					};
				};
			};
			buildConfigurationList = 69A2268D23328E1000439DC2 /* Build configuration list for PBXProject "Get Outfit Browser" */;
			compatibilityVersion = "Xcode 9.3";
			developmentRegion = en;
			hasScannedForEncodings = 0;
			knownRegions = (
				en,
				Base,
			);
			mainGroup = 69A2268923328E1000439DC2;
			productRefGroup = 69A2269323328E1100439DC2 /* Products */;
			projectDirPath = "";
			projectRoot = "";
			targets = (
				69A2269123328E1100439DC2 /* Get Outfit Browser */,
			);
		};
/* End PBXProject section */

/* Begin PBXResourcesBuildPhase section */
		69A2269023328E1100439DC2 /* Resources */ = {
			isa = PBXResourcesBuildPhase;
			buildActionMask = 2147483647;
			files = (
				69A226A223328E1200439DC2 /* LaunchScreen.storyboard in Resources */,
				69A2269F23328E1200439DC2 /* Assets.xcassets in Resources */,
				69A2269D23328E1100439DC2 /* Main.storyboard in Resources */,
			);
			runOnlyForDeploymentPostprocessing = 0;
		};
/* End PBXResourcesBuildPhase section */

/* Begin PBXSourcesBuildPhase section */
		69A2268E23328E1100439DC2 /* Sources */ = {
			isa = PBXSourcesBuildPhase;
			buildActionMask = 2147483647;
			files = (
				69727B452332AD55000CE219 /* CellController.swift in Sources */,
				69727B502332C301000CE219 /* Named.swift in Sources */,
				69727B4A2332B145000CE219 /* URL+Extension.swift in Sources */,
				69727B0523329422000CE219 /* NetworkController.swift in Sources */,
				69727B472332AEE3000CE219 /* TableViewController.swift in Sources */,
				69A2269623328E1100439DC2 /* AppDelegate.swift in Sources */,
				69727B4123329505000CE219 /* YMLCategory.swift in Sources */,
				69A2269823328E1100439DC2 /* SceneDelegate.swift in Sources */,
				69727B432332AC81000CE219 /* YMLOffer.swift in Sources */,
			);
			runOnlyForDeploymentPostprocessing = 0;
		};
/* End PBXSourcesBuildPhase section */

/* Begin PBXVariantGroup section */
		69A2269B23328E1100439DC2 /* Main.storyboard */ = {
			isa = PBXVariantGroup;
			children = (
				69A2269C23328E1100439DC2 /* Base */,
			);
			name = Main.storyboard;
			sourceTree = "<group>";
		};
		69A226A023328E1200439DC2 /* LaunchScreen.storyboard */ = {
			isa = PBXVariantGroup;
			children = (
				69A226A123328E1200439DC2 /* Base */,
			);
			name = LaunchScreen.storyboard;
			sourceTree = "<group>";
		};
/* End PBXVariantGroup section */

/* Begin XCBuildConfiguration section */
		69A226A423328E1200439DC2 /* Debug */ = {
			isa = XCBuildConfiguration;
			buildSettings = {
				ALWAYS_SEARCH_USER_PATHS = NO;
				CLANG_ANALYZER_NONNULL = YES;
				CLANG_ANALYZER_NUMBER_OBJECT_CONVERSION = YES_AGGRESSIVE;
				CLANG_CXX_LANGUAGE_STANDARD = "gnu++14";
				CLANG_CXX_LIBRARY = "libc++";
				CLANG_ENABLE_MODULES = YES;
				CLANG_ENABLE_OBJC_ARC = YES;
				CLANG_ENABLE_OBJC_WEAK = YES;
				CLANG_WARN_BLOCK_CAPTURE_AUTORELEASING = YES;
				CLANG_WARN_BOOL_CONVERSION = YES;
				CLANG_WARN_COMMA = YES;
				CLANG_WARN_CONSTANT_CONVERSION = YES;
				CLANG_WARN_DEPRECATED_OBJC_IMPLEMENTATIONS = YES;
				CLANG_WARN_DIRECT_OBJC_ISA_USAGE = YES_ERROR;
				CLANG_WARN_DOCUMENTATION_COMMENTS = YES;
				CLANG_WARN_EMPTY_BODY = YES;
				CLANG_WARN_ENUM_CONVERSION = YES;
				CLANG_WARN_INFINITE_RECURSION = YES;
				CLANG_WARN_INT_CONVERSION = YES;
				CLANG_WARN_NON_LITERAL_NULL_CONVERSION = YES;
				CLANG_WARN_OBJC_IMPLICIT_RETAIN_SELF = YES;
				CLANG_WARN_OBJC_LITERAL_CONVERSION = YES;
				CLANG_WARN_OBJC_ROOT_CLASS = YES_ERROR;
				CLANG_WARN_RANGE_LOOP_ANALYSIS = YES;
				CLANG_WARN_STRICT_PROTOTYPES = YES;
				CLANG_WARN_SUSPICIOUS_MOVE = YES;
				CLANG_WARN_UNGUARDED_AVAILABILITY = YES_AGGRESSIVE;
				CLANG_WARN_UNREACHABLE_CODE = YES;
				CLANG_WARN__DUPLICATE_METHOD_MATCH = YES;
				COPY_PHASE_STRIP = NO;
				DEBUG_INFORMATION_FORMAT = dwarf;
				ENABLE_STRICT_OBJC_MSGSEND = YES;
				ENABLE_TESTABILITY = YES;
				GCC_C_LANGUAGE_STANDARD = gnu11;
				GCC_DYNAMIC_NO_PIC = NO;
				GCC_NO_COMMON_BLOCKS = YES;
				GCC_OPTIMIZATION_LEVEL = 0;
				GCC_PREPROCESSOR_DEFINITIONS = (
					"DEBUG=1",
					"$(inherited)",
				);
				GCC_WARN_64_TO_32_BIT_CONVERSION = YES;
				GCC_WARN_ABOUT_RETURN_TYPE = YES_ERROR;
				GCC_WARN_UNDECLARED_SELECTOR = YES;
				GCC_WARN_UNINITIALIZED_AUTOS = YES_AGGRESSIVE;
				GCC_WARN_UNUSED_FUNCTION = YES;
				GCC_WARN_UNUSED_VARIABLE = YES;
				IPHONEOS_DEPLOYMENT_TARGET = 13.0;
				MTL_ENABLE_DEBUG_INFO = INCLUDE_SOURCE;
				MTL_FAST_MATH = YES;
				ONLY_ACTIVE_ARCH = YES;
				SDKROOT = iphoneos;
				SWIFT_ACTIVE_COMPILATION_CONDITIONS = DEBUG;
				SWIFT_OPTIMIZATION_LEVEL = "-Onone";
			};
			name = Debug;
		};
		69A226A523328E1200439DC2 /* Release */ = {
			isa = XCBuildConfiguration;
			buildSettings = {
				ALWAYS_SEARCH_USER_PATHS = NO;
				CLANG_ANALYZER_NONNULL = YES;
				CLANG_ANALYZER_NUMBER_OBJECT_CONVERSION = YES_AGGRESSIVE;
				CLANG_CXX_LANGUAGE_STANDARD = "gnu++14";
				CLANG_CXX_LIBRARY = "libc++";
				CLANG_ENABLE_MODULES = YES;
				CLANG_ENABLE_OBJC_ARC = YES;
				CLANG_ENABLE_OBJC_WEAK = YES;
				CLANG_WARN_BLOCK_CAPTURE_AUTORELEASING = YES;
				CLANG_WARN_BOOL_CONVERSION = YES;
				CLANG_WARN_COMMA = YES;
				CLANG_WARN_CONSTANT_CONVERSION = YES;
				CLANG_WARN_DEPRECATED_OBJC_IMPLEMENTATIONS = YES;
				CLANG_WARN_DIRECT_OBJC_ISA_USAGE = YES_ERROR;
				CLANG_WARN_DOCUMENTATION_COMMENTS = YES;
				CLANG_WARN_EMPTY_BODY = YES;
				CLANG_WARN_ENUM_CONVERSION = YES;
				CLANG_WARN_INFINITE_RECURSION = YES;
				CLANG_WARN_INT_CONVERSION = YES;
				CLANG_WARN_NON_LITERAL_NULL_CONVERSION = YES;
				CLANG_WARN_OBJC_IMPLICIT_RETAIN_SELF = YES;
				CLANG_WARN_OBJC_LITERAL_CONVERSION = YES;
				CLANG_WARN_OBJC_ROOT_CLASS = YES_ERROR;
				CLANG_WARN_RANGE_LOOP_ANALYSIS = YES;
				CLANG_WARN_STRICT_PROTOTYPES = YES;
				CLANG_WARN_SUSPICIOUS_MOVE = YES;
				CLANG_WARN_UNGUARDED_AVAILABILITY = YES_AGGRESSIVE;
				CLANG_WARN_UNREACHABLE_CODE = YES;
				CLANG_WARN__DUPLICATE_METHOD_MATCH = YES;
				COPY_PHASE_STRIP = NO;
				DEBUG_INFORMATION_FORMAT = "dwarf-with-dsym";
				ENABLE_NS_ASSERTIONS = NO;
				ENABLE_STRICT_OBJC_MSGSEND = YES;
				GCC_C_LANGUAGE_STANDARD = gnu11;
				GCC_NO_COMMON_BLOCKS = YES;
				GCC_WARN_64_TO_32_BIT_CONVERSION = YES;
				GCC_WARN_ABOUT_RETURN_TYPE = YES_ERROR;
				GCC_WARN_UNDECLARED_SELECTOR = YES;
				GCC_WARN_UNINITIALIZED_AUTOS = YES_AGGRESSIVE;
				GCC_WARN_UNUSED_FUNCTION = YES;
				GCC_WARN_UNUSED_VARIABLE = YES;
				IPHONEOS_DEPLOYMENT_TARGET = 13.0;
				MTL_ENABLE_DEBUG_INFO = NO;
				MTL_FAST_MATH = YES;
				SDKROOT = iphoneos;
				SWIFT_COMPILATION_MODE = wholemodule;
				SWIFT_OPTIMIZATION_LEVEL = "-O";
				VALIDATE_PRODUCT = YES;
			};
			name = Release;
		};
		69A226A723328E1200439DC2 /* Debug */ = {
			isa = XCBuildConfiguration;
			buildSettings = {
				ASSETCATALOG_COMPILER_APPICON_NAME = AppIcon;
				CODE_SIGN_STYLE = Automatic;
				DEVELOPMENT_TEAM = 8J39KF9DMS;
				INFOPLIST_FILE = "$(SRCROOT)/Get Outfit Browser/App/Info.plist";
				IPHONEOS_DEPLOYMENT_TARGET = 12.2;
				LD_RUNPATH_SEARCH_PATHS = (
					"$(inherited)",
					"@executable_path/Frameworks",
				);
				PRODUCT_BUNDLE_IDENTIFIER = "ru.getoutfit.Get-Outfit-Browser";
				PRODUCT_NAME = "$(TARGET_NAME)";
				SWIFT_VERSION = 5.0;
				TARGETED_DEVICE_FAMILY = "1,2";
			};
			name = Debug;
		};
		69A226A823328E1200439DC2 /* Release */ = {
			isa = XCBuildConfiguration;
			buildSettings = {
				ASSETCATALOG_COMPILER_APPICON_NAME = AppIcon;
				CODE_SIGN_STYLE = Automatic;
				DEVELOPMENT_TEAM = 8J39KF9DMS;
				INFOPLIST_FILE = "$(SRCROOT)/Get Outfit Browser/App/Info.plist";
				IPHONEOS_DEPLOYMENT_TARGET = 12.2;
				LD_RUNPATH_SEARCH_PATHS = (
					"$(inherited)",
					"@executable_path/Frameworks",
				);
				PRODUCT_BUNDLE_IDENTIFIER = "ru.getoutfit.Get-Outfit-Browser";
				PRODUCT_NAME = "$(TARGET_NAME)";
				SWIFT_VERSION = 5.0;
				TARGETED_DEVICE_FAMILY = "1,2";
			};
			name = Release;
		};
/* End XCBuildConfiguration section */

/* Begin XCConfigurationList section */
		69A2268D23328E1000439DC2 /* Build configuration list for PBXProject "Get Outfit Browser" */ = {
			isa = XCConfigurationList;
			buildConfigurations = (
				69A226A423328E1200439DC2 /* Debug */,
				69A226A523328E1200439DC2 /* Release */,
			);
			defaultConfigurationIsVisible = 0;
			defaultConfigurationName = Release;
		};
		69A226A623328E1200439DC2 /* Build configuration list for PBXNativeTarget "Get Outfit Browser" */ = {
			isa = XCConfigurationList;
			buildConfigurations = (
				69A226A723328E1200439DC2 /* Debug */,
				69A226A823328E1200439DC2 /* Release */,
			);
			defaultConfigurationIsVisible = 0;
			defaultConfigurationName = Release;
		};
/* End XCConfigurationList section */
	};
	rootObject = 69A2268A23328E1000439DC2 /* Project object */;
}
